// !$*UTF8*$!
{
	archiveVersion = 1;
	classes = {
	};
	objectVersion = 50;
	objects = {

/* Begin PBXBuildFile section */
		3D96577E2204BC42007E678C /* Item.swift in Sources */ = {isa = PBXBuildFile; fileRef = 3D96577D2204BC42007E678C /* Item.swift */; };
		3D9657802204BC4F007E678C /* Category.swift in Sources */ = {isa = PBXBuildFile; fileRef = 3D96577F2204BC4F007E678C /* Category.swift */; };
		3DB0FD9D2203F6F500D2C6C3 /* CategoryViewController.swift in Sources */ = {isa = PBXBuildFile; fileRef = 3DB0FD9C2203F6F500D2C6C3 /* CategoryViewController.swift */; };
		3DC67EF321BC2E8300F990FC /* AppDelegate.swift in Sources */ = {isa = PBXBuildFile; fileRef = 3DC67EF221BC2E8300F990FC /* AppDelegate.swift */; };
		3DC67EF521BC2E8300F990FC /* TodoListViewController.swift in Sources */ = {isa = PBXBuildFile; fileRef = 3DC67EF421BC2E8300F990FC /* TodoListViewController.swift */; };
		3DC67EF821BC2E8300F990FC /* Main.storyboard in Resources */ = {isa = PBXBuildFile; fileRef = 3DC67EF621BC2E8300F990FC /* Main.storyboard */; };
		3DC67EFA21BC2E8600F990FC /* Assets.xcassets in Resources */ = {isa = PBXBuildFile; fileRef = 3DC67EF921BC2E8600F990FC /* Assets.xcassets */; };
		3DC67EFD21BC2E8600F990FC /* LaunchScreen.storyboard in Resources */ = {isa = PBXBuildFile; fileRef = 3DC67EFB21BC2E8600F990FC /* LaunchScreen.storyboard */; };
		9E2BADC54F1E9584983546E2 /* Pods_Todoey.framework in Frameworks */ = {isa = PBXBuildFile; fileRef = 053A215389B8905816C924D3 /* Pods_Todoey.framework */; };
/* End PBXBuildFile section */

/* Begin PBXFileReference section */
		053A215389B8905816C924D3 /* Pods_Todoey.framework */ = {isa = PBXFileReference; explicitFileType = wrapper.framework; includeInIndex = 0; path = Pods_Todoey.framework; sourceTree = BUILT_PRODUCTS_DIR; };
		3D96577D2204BC42007E678C /* Item.swift */ = {isa = PBXFileReference; lastKnownFileType = sourcecode.swift; path = Item.swift; sourceTree = "<group>"; };
		3D96577F2204BC4F007E678C /* Category.swift */ = {isa = PBXFileReference; lastKnownFileType = sourcecode.swift; path = Category.swift; sourceTree = "<group>"; };
		3DB0FD9C2203F6F500D2C6C3 /* CategoryViewController.swift */ = {isa = PBXFileReference; lastKnownFileType = sourcecode.swift; path = CategoryViewController.swift; sourceTree = "<group>"; };
		3DC67EEF21BC2E8300F990FC /* Todoey.app */ = {isa = PBXFileReference; explicitFileType = wrapper.application; includeInIndex = 0; path = Todoey.app; sourceTree = BUILT_PRODUCTS_DIR; };
		3DC67EF221BC2E8300F990FC /* AppDelegate.swift */ = {isa = PBXFileReference; lastKnownFileType = sourcecode.swift; path = AppDelegate.swift; sourceTree = "<group>"; };
		3DC67EF421BC2E8300F990FC /* TodoListViewController.swift */ = {isa = PBXFileReference; lastKnownFileType = sourcecode.swift; path = TodoListViewController.swift; sourceTree = "<group>"; };
		3DC67EF721BC2E8300F990FC /* Base */ = {isa = PBXFileReference; lastKnownFileType = file.storyboard; name = Base; path = Base.lproj/Main.storyboard; sourceTree = "<group>"; };
		3DC67EF921BC2E8600F990FC /* Assets.xcassets */ = {isa = PBXFileReference; lastKnownFileType = folder.assetcatalog; path = Assets.xcassets; sourceTree = "<group>"; };
		3DC67EFC21BC2E8600F990FC /* Base */ = {isa = PBXFileReference; lastKnownFileType = file.storyboard; name = Base; path = Base.lproj/LaunchScreen.storyboard; sourceTree = "<group>"; };
		3DC67EFE21BC2E8600F990FC /* Info.plist */ = {isa = PBXFileReference; lastKnownFileType = text.plist.xml; path = Info.plist; sourceTree = "<group>"; };
		A63AB301D6E76B4D743DD476 /* Pods-Todoey.debug.xcconfig */ = {isa = PBXFileReference; includeInIndex = 1; lastKnownFileType = text.xcconfig; name = "Pods-Todoey.debug.xcconfig"; path = "Pods/Target Support Files/Pods-Todoey/Pods-Todoey.debug.xcconfig"; sourceTree = "<group>"; };
		C907A7572966B49A9FA82F16 /* Pods-Todoey.release.xcconfig */ = {isa = PBXFileReference; includeInIndex = 1; lastKnownFileType = text.xcconfig; name = "Pods-Todoey.release.xcconfig"; path = "Pods/Target Support Files/Pods-Todoey/Pods-Todoey.release.xcconfig"; sourceTree = "<group>"; };
/* End PBXFileReference section */

/* Begin PBXFrameworksBuildPhase section */
		3DC67EEC21BC2E8300F990FC /* Frameworks */ = {
			isa = PBXFrameworksBuildPhase;
			buildActionMask = 2147483647;
			files = (
				9E2BADC54F1E9584983546E2 /* Pods_Todoey.framework in Frameworks */,
			);
			runOnlyForDeploymentPostprocessing = 0;
		};
/* End PBXFrameworksBuildPhase section */

/* Begin PBXGroup section */
		139F668E4A0F3D55FAFD0DE5 /* Pods */ = {
			isa = PBXGroup;
			children = (
				A63AB301D6E76B4D743DD476 /* Pods-Todoey.debug.xcconfig */,
				C907A7572966B49A9FA82F16 /* Pods-Todoey.release.xcconfig */,
			);
			name = Pods;
			sourceTree = "<group>";
		};
		3DC67EE621BC2E8300F990FC = {
			isa = PBXGroup;
			children = (
				3DC67EF121BC2E8300F990FC /* Todoey */,
				3DC67F0621BC832300F990FC /* Controllers */,
				3DC67F0421BC830600F990FC /* Data Model */,
				3DC67F0521BC831900F990FC /* Views */,
				3DC67F0921BC83FE00F990FC /* Supporting Files */,
				3DC67EF021BC2E8300F990FC /* Products */,
				139F668E4A0F3D55FAFD0DE5 /* Pods */,
				AE534F85637977A4851DE57A /* Frameworks */,
			);
			sourceTree = "<group>";
		};
		3DC67EF021BC2E8300F990FC /* Products */ = {
			isa = PBXGroup;
			children = (
				3DC67EEF21BC2E8300F990FC /* Todoey.app */,
			);
			name = Products;
			sourceTree = "<group>";
		};
		3DC67EF121BC2E8300F990FC /* Todoey */ = {
			isa = PBXGroup;
			children = (
				3DC67EF221BC2E8300F990FC /* AppDelegate.swift */,
				3DC67EFE21BC2E8600F990FC /* Info.plist */,
			);
			path = Todoey;
			sourceTree = "<group>";
		};
		3DC67F0421BC830600F990FC /* Data Model */ = {
			isa = PBXGroup;
			children = (
				3D96577F2204BC4F007E678C /* Category.swift */,
				3D96577D2204BC42007E678C /* Item.swift */,
			);
			path = "Data Model";
			sourceTree = "<group>";
		};
		3DC67F0521BC831900F990FC /* Views */ = {
			isa = PBXGroup;
			children = (
				3DC67EF621BC2E8300F990FC /* Main.storyboard */,
			);
			path = Views;
			sourceTree = "<group>";
		};
		3DC67F0621BC832300F990FC /* Controllers */ = {
			isa = PBXGroup;
			children = (
				3DB0FD9C2203F6F500D2C6C3 /* CategoryViewController.swift */,
				3DC67EF421BC2E8300F990FC /* TodoListViewController.swift */,
			);
			path = Controllers;
			sourceTree = "<group>";
		};
		3DC67F0921BC83FE00F990FC /* Supporting Files */ = {
			isa = PBXGroup;
			children = (
				3DC67EFB21BC2E8600F990FC /* LaunchScreen.storyboard */,
				3DC67EF921BC2E8600F990FC /* Assets.xcassets */,
			);
			path = "Supporting Files";
			sourceTree = "<group>";
		};
		AE534F85637977A4851DE57A /* Frameworks */ = {
			isa = PBXGroup;
			children = (
				053A215389B8905816C924D3 /* Pods_Todoey.framework */,
			);
			name = Frameworks;
			sourceTree = "<group>";
		};
/* End PBXGroup section */

/* Begin PBXNativeTarget section */
		3DC67EEE21BC2E8300F990FC /* Todoey */ = {
			isa = PBXNativeTarget;
			buildConfigurationList = 3DC67F0121BC2E8600F990FC /* Build configuration list for PBXNativeTarget "Todoey" */;
			buildPhases = (
				C3935D73C0A9175B372823B2 /* [CP] Check Pods Manifest.lock */,
				3DC67EEB21BC2E8300F990FC /* Sources */,
				3DC67EEC21BC2E8300F990FC /* Frameworks */,
				3DC67EED21BC2E8300F990FC /* Resources */,
				0F742A9C82E3F15E001E2AF8 /* [CP] Embed Pods Frameworks */,
			);
			buildRules = (
			);
			dependencies = (
			);
			name = Todoey;
			productName = Todoey;
			productReference = 3DC67EEF21BC2E8300F990FC /* Todoey.app */;
			productType = "com.apple.product-type.application";
		};
/* End PBXNativeTarget section */

/* Begin PBXProject section */
		3DC67EE721BC2E8300F990FC /* Project object */ = {
			isa = PBXProject;
			attributes = {
				LastSwiftUpdateCheck = 1010;
				LastUpgradeCheck = 1010;
				ORGANIZATIONNAME = "Isai Yepez";
				TargetAttributes = {
					3DC67EEE21BC2E8300F990FC = {
						CreatedOnToolsVersion = 10.1;
					};
				};
			};
			buildConfigurationList = 3DC67EEA21BC2E8300F990FC /* Build configuration list for PBXProject "Todoey" */;
			compatibilityVersion = "Xcode 9.3";
			developmentRegion = en;
			hasScannedForEncodings = 0;
			knownRegions = (
				en,
				Base,
			);
			mainGroup = 3DC67EE621BC2E8300F990FC;
			productRefGroup = 3DC67EF021BC2E8300F990FC /* Products */;
			projectDirPath = "";
			projectRoot = "";
			targets = (
				3DC67EEE21BC2E8300F990FC /* Todoey */,
			);
		};
/* End PBXProject section */

/* Begin PBXResourcesBuildPhase section */
		3DC67EED21BC2E8300F990FC /* Resources */ = {
			isa = PBXResourcesBuildPhase;
			buildActionMask = 2147483647;
			files = (
				3DC67EFD21BC2E8600F990FC /* LaunchScreen.storyboard in Resources */,
				3DC67EFA21BC2E8600F990FC /* Assets.xcassets in Resources */,
				3DC67EF821BC2E8300F990FC /* Main.storyboard in Resources */,
			);
			runOnlyForDeploymentPostprocessing = 0;
		};
/* End PBXResourcesBuildPhase section */

/* Begin PBXShellScriptBuildPhase section */
		0F742A9C82E3F15E001E2AF8 /* [CP] Embed Pods Frameworks */ = {
			isa = PBXShellScriptBuildPhase;
			buildActionMask = 2147483647;
			files = (
			);
			inputFileListPaths = (
			);
			inputPaths = (
				"${SRCROOT}/Pods/Target Support Files/Pods-Todoey/Pods-Todoey-frameworks.sh",
				"${BUILT_PRODUCTS_DIR}/Realm/Realm.framework",
				"${BUILT_PRODUCTS_DIR}/RealmSwift/RealmSwift.framework",
			);
			name = "[CP] Embed Pods Frameworks";
			outputFileListPaths = (
			);
			outputPaths = (
				"${TARGET_BUILD_DIR}/${FRAMEWORKS_FOLDER_PATH}/Realm.framework",
				"${TARGET_BUILD_DIR}/${FRAMEWORKS_FOLDER_PATH}/RealmSwift.framework",
			);
			runOnlyForDeploymentPostprocessing = 0;
			shellPath = /bin/sh;
			shellScript = "\"${SRCROOT}/Pods/Target Support Files/Pods-Todoey/Pods-Todoey-frameworks.sh\"\n";
			showEnvVarsInLog = 0;
		};
		C3935D73C0A9175B372823B2 /* [CP] Check Pods Manifest.lock */ = {
			isa = PBXShellScriptBuildPhase;
			buildActionMask = 2147483647;
			files = (
			);
			inputFileListPaths = (
			);
			inputPaths = (
				"${PODS_PODFILE_DIR_PATH}/Podfile.lock",
				"${PODS_ROOT}/Manifest.lock",
			);
			name = "[CP] Check Pods Manifest.lock";
			outputFileListPaths = (
			);
			outputPaths = (
				"$(DERIVED_FILE_DIR)/Pods-Todoey-checkManifestLockResult.txt",
			);
			runOnlyForDeploymentPostprocessing = 0;
			shellPath = /bin/sh;
			shellScript = "diff \"${PODS_PODFILE_DIR_PATH}/Podfile.lock\" \"${PODS_ROOT}/Manifest.lock\" > /dev/null\nif [ $? != 0 ] ; then\n    # print error to STDERR\n    echo \"error: The sandbox is not in sync with the Podfile.lock. Run 'pod install' or update your CocoaPods installation.\" >&2\n    exit 1\nfi\n# This output is used by Xcode 'outputs' to avoid re-running this script phase.\necho \"SUCCESS\" > \"${SCRIPT_OUTPUT_FILE_0}\"\n";
			showEnvVarsInLog = 0;
		};
/* End PBXShellScriptBuildPhase section */

/* Begin PBXSourcesBuildPhase section */
		3DC67EEB21BC2E8300F990FC /* Sources */ = {
			isa = PBXSourcesBuildPhase;
			buildActionMask = 2147483647;
			files = (
				3DB0FD9D2203F6F500D2C6C3 /* CategoryViewController.swift in Sources */,
				3DC67EF521BC2E8300F990FC /* TodoListViewController.swift in Sources */,
				3D96577E2204BC42007E678C /* Item.swift in Sources */,
				3DC67EF321BC2E8300F990FC /* AppDelegate.swift in Sources */,
				3D9657802204BC4F007E678C /* Category.swift in Sources */,
			);
			runOnlyForDeploymentPostprocessing = 0;
		};
/* End PBXSourcesBuildPhase section */

/* Begin PBXVariantGroup section */
		3DC67EF621BC2E8300F990FC /* Main.storyboard */ = {
			isa = PBXVariantGroup;
			children = (
				3DC67EF721BC2E8300F990FC /* Base */,
			);
			name = Main.storyboard;
			sourceTree = "<group>";
		};
		3DC67EFB21BC2E8600F990FC /* LaunchScreen.storyboard */ = {
			isa = PBXVariantGroup;
			children = (
				3DC67EFC21BC2E8600F990FC /* Base */,
			);
			name = LaunchScreen.storyboard;
			sourceTree = "<group>";
		};
/* End PBXVariantGroup section */

/* Begin XCBuildConfiguration section */
		3DC67EFF21BC2E8600F990FC /* Debug */ = {
			isa = XCBuildConfiguration;
			buildSettings = {
				ALWAYS_SEARCH_USER_PATHS = NO;
				CLANG_ANALYZER_NONNULL = YES;
				CLANG_ANALYZER_NUMBER_OBJECT_CONVERSION = YES_AGGRESSIVE;
				CLANG_CXX_LANGUAGE_STANDARD = "gnu++14";
				CLANG_CXX_LIBRARY = "libc++";
				CLANG_ENABLE_MODULES = YES;
				CLANG_ENABLE_OBJC_ARC = YES;
				CLANG_ENABLE_OBJC_WEAK = YES;
				CLANG_WARN_BLOCK_CAPTURE_AUTORELEASING = YES;
				CLANG_WARN_BOOL_CONVERSION = YES;
				CLANG_WARN_COMMA = YES;
				CLANG_WARN_CONSTANT_CONVERSION = YES;
				CLANG_WARN_DEPRECATED_OBJC_IMPLEMENTATIONS = YES;
				CLANG_WARN_DIRECT_OBJC_ISA_USAGE = YES_ERROR;
				CLANG_WARN_DOCUMENTATION_COMMENTS = YES;
				CLANG_WARN_EMPTY_BODY = YES;
				CLANG_WARN_ENUM_CONVERSION = YES;
				CLANG_WARN_INFINITE_RECURSION = YES;
				CLANG_WARN_INT_CONVERSION = YES;
				CLANG_WARN_NON_LITERAL_NULL_CONVERSION = YES;
				CLANG_WARN_OBJC_IMPLICIT_RETAIN_SELF = YES;
				CLANG_WARN_OBJC_LITERAL_CONVERSION = YES;
				CLANG_WARN_OBJC_ROOT_CLASS = YES_ERROR;
				CLANG_WARN_RANGE_LOOP_ANALYSIS = YES;
				CLANG_WARN_STRICT_PROTOTYPES = YES;
				CLANG_WARN_SUSPICIOUS_MOVE = YES;
				CLANG_WARN_UNGUARDED_AVAILABILITY = YES_AGGRESSIVE;
				CLANG_WARN_UNREACHABLE_CODE = YES;
				CLANG_WARN__DUPLICATE_METHOD_MATCH = YES;
				CODE_SIGN_IDENTITY = "iPhone Developer";
				COPY_PHASE_STRIP = NO;
				DEBUG_INFORMATION_FORMAT = dwarf;
				ENABLE_STRICT_OBJC_MSGSEND = YES;
				ENABLE_TESTABILITY = YES;
				GCC_C_LANGUAGE_STANDARD = gnu11;
				GCC_DYNAMIC_NO_PIC = NO;
				GCC_NO_COMMON_BLOCKS = YES;
				GCC_OPTIMIZATION_LEVEL = 0;
				GCC_PREPROCESSOR_DEFINITIONS = (
					"DEBUG=1",
					"$(inherited)",
				);
				GCC_WARN_64_TO_32_BIT_CONVERSION = YES;
				GCC_WARN_ABOUT_RETURN_TYPE = YES_ERROR;
				GCC_WARN_UNDECLARED_SELECTOR = YES;
				GCC_WARN_UNINITIALIZED_AUTOS = YES_AGGRESSIVE;
				GCC_WARN_UNUSED_FUNCTION = YES;
				GCC_WARN_UNUSED_VARIABLE = YES;
				IPHONEOS_DEPLOYMENT_TARGET = 12.1;
				MTL_ENABLE_DEBUG_INFO = INCLUDE_SOURCE;
				MTL_FAST_MATH = YES;
				ONLY_ACTIVE_ARCH = YES;
				SDKROOT = iphoneos;
				SWIFT_ACTIVE_COMPILATION_CONDITIONS = DEBUG;
				SWIFT_OPTIMIZATION_LEVEL = "-Onone";
			};
			name = Debug;
		};
		3DC67F0021BC2E8600F990FC /* Release */ = {
			isa = XCBuildConfiguration;
			buildSettings = {
				ALWAYS_SEARCH_USER_PATHS = NO;
				CLANG_ANALYZER_NONNULL = YES;
				CLANG_ANALYZER_NUMBER_OBJECT_CONVERSION = YES_AGGRESSIVE;
				CLANG_CXX_LANGUAGE_STANDARD = "gnu++14";
				CLANG_CXX_LIBRARY = "libc++";
				CLANG_ENABLE_MODULES = YES;
				CLANG_ENABLE_OBJC_ARC = YES;
				CLANG_ENABLE_OBJC_WEAK = YES;
				CLANG_WARN_BLOCK_CAPTURE_AUTORELEASING = YES;
				CLANG_WARN_BOOL_CONVERSION = YES;
				CLANG_WARN_COMMA = YES;
				CLANG_WARN_CONSTANT_CONVERSION = YES;
				CLANG_WARN_DEPRECATED_OBJC_IMPLEMENTATIONS = YES;
				CLANG_WARN_DIRECT_OBJC_ISA_USAGE = YES_ERROR;
				CLANG_WARN_DOCUMENTATION_COMMENTS = YES;
				CLANG_WARN_EMPTY_BODY = YES;
				CLANG_WARN_ENUM_CONVERSION = YES;
				CLANG_WARN_INFINITE_RECURSION = YES;
				CLANG_WARN_INT_CONVERSION = YES;
				CLANG_WARN_NON_LITERAL_NULL_CONVERSION = YES;
				CLANG_WARN_OBJC_IMPLICIT_RETAIN_SELF = YES;
				CLANG_WARN_OBJC_LITERAL_CONVERSION = YES;
				CLANG_WARN_OBJC_ROOT_CLASS = YES_ERROR;
				CLANG_WARN_RANGE_LOOP_ANALYSIS = YES;
				CLANG_WARN_STRICT_PROTOTYPES = YES;
				CLANG_WARN_SUSPICIOUS_MOVE = YES;
				CLANG_WARN_UNGUARDED_AVAILABILITY = YES_AGGRESSIVE;
				CLANG_WARN_UNREACHABLE_CODE = YES;
				CLANG_WARN__DUPLICATE_METHOD_MATCH = YES;
				CODE_SIGN_IDENTITY = "iPhone Developer";
				COPY_PHASE_STRIP = NO;
				DEBUG_INFORMATION_FORMAT = "dwarf-with-dsym";
				ENABLE_NS_ASSERTIONS = NO;
				ENABLE_STRICT_OBJC_MSGSEND = YES;
				GCC_C_LANGUAGE_STANDARD = gnu11;
				GCC_NO_COMMON_BLOCKS = YES;
				GCC_WARN_64_TO_32_BIT_CONVERSION = YES;
				GCC_WARN_ABOUT_RETURN_TYPE = YES_ERROR;
				GCC_WARN_UNDECLARED_SELECTOR = YES;
				GCC_WARN_UNINITIALIZED_AUTOS = YES_AGGRESSIVE;
				GCC_WARN_UNUSED_FUNCTION = YES;
				GCC_WARN_UNUSED_VARIABLE = YES;
				IPHONEOS_DEPLOYMENT_TARGET = 12.1;
				MTL_ENABLE_DEBUG_INFO = NO;
				MTL_FAST_MATH = YES;
				SDKROOT = iphoneos;
				SWIFT_COMPILATION_MODE = wholemodule;
				SWIFT_OPTIMIZATION_LEVEL = "-O";
				VALIDATE_PRODUCT = YES;
			};
			name = Release;
		};
		3DC67F0221BC2E8600F990FC /* Debug */ = {
			isa = XCBuildConfiguration;
			baseConfigurationReference = A63AB301D6E76B4D743DD476 /* Pods-Todoey.debug.xcconfig */;
			buildSettings = {
				ASSETCATALOG_COMPILER_APPICON_NAME = AppIcon;
				CODE_SIGN_STYLE = Automatic;
				DEVELOPMENT_TEAM = 7EY6XT5B68;
				INFOPLIST_FILE = Todoey/Info.plist;
				LD_RUNPATH_SEARCH_PATHS = (
					"$(inherited)",
					"@executable_path/Frameworks",
				);
				PRODUCT_BUNDLE_IDENTIFIER = com.isaiyepez.Todoey;
				PRODUCT_NAME = "$(TARGET_NAME)";
				SWIFT_VERSION = 4.2;
				TARGETED_DEVICE_FAMILY = "1,2";
			};
			name = Debug;
		};
		3DC67F0321BC2E8600F990FC /* Release */ = {
			isa = XCBuildConfiguration;
			baseConfigurationReference = C907A7572966B49A9FA82F16 /* Pods-Todoey.release.xcconfig */;
			buildSettings = {
				ASSETCATALOG_COMPILER_APPICON_NAME = AppIcon;
				CODE_SIGN_STYLE = Automatic;
				DEVELOPMENT_TEAM = 7EY6XT5B68;
				INFOPLIST_FILE = Todoey/Info.plist;
				LD_RUNPATH_SEARCH_PATHS = (
					"$(inherited)",
					"@executable_path/Frameworks",
				);
				PRODUCT_BUNDLE_IDENTIFIER = com.isaiyepez.Todoey;
				PRODUCT_NAME = "$(TARGET_NAME)";
				SWIFT_VERSION = 4.2;
				TARGETED_DEVICE_FAMILY = "1,2";
			};
			name = Release;
		};
/* End XCBuildConfiguration section */

/* Begin XCConfigurationList section */
		3DC67EEA21BC2E8300F990FC /* Build configuration list for PBXProject "Todoey" */ = {
			isa = XCConfigurationList;
			buildConfigurations = (
				3DC67EFF21BC2E8600F990FC /* Debug */,
				3DC67F0021BC2E8600F990FC /* Release */,
			);
			defaultConfigurationIsVisible = 0;
			defaultConfigurationName = Release;
		};
		3DC67F0121BC2E8600F990FC /* Build configuration list for PBXNativeTarget "Todoey" */ = {
			isa = XCConfigurationList;
			buildConfigurations = (
				3DC67F0221BC2E8600F990FC /* Debug */,
				3DC67F0321BC2E8600F990FC /* Release */,
			);
			defaultConfigurationIsVisible = 0;
			defaultConfigurationName = Release;
		};
/* End XCConfigurationList section */
	};
	rootObject = 3DC67EE721BC2E8300F990FC /* Project object */;
}
